# THIS IS AN AUTOGENERATED FILE. DO NOT EDIT THIS FILE DIRECTLY.
# yarn lockfile v1


vue3-slider@^1.6.8:
  version "1.6.8"
  resolved "https://registry.yarnpkg.com/vue3-slider/-/vue3-slider-1.6.8.tgz#594c034a0accb7ed379e669abe9441ded4f7405d"
  integrity sha512-ritV1VlAnMADKoK7pJLeEmA3iV6zw5CQGsv9Ot/fbSkYL4U7SpkKSMMuifYOpgTR7YCmNZTRCVBZ40pVxRz8PA==
